
Microsoft Visual Studio Solution File, Format Version 12.00
# Visual Studio Version 17
VisualStudioVersion = 17.2.32516.85
MinimumVisualStudioVersion = 10.0.40219.1
Project("{9A19103F-16F7-4668-BE54-9A1E7A4F7556}") = "HamsterWars.Server", "HamsterWars\Server\HamsterWars.Server.csproj", "{1EA69A28-AE32-4643-9AE6-320AAAEFEB3B}"
EndProject
Project("{9A19103F-16F7-4668-BE54-9A1E7A4F7556}") = "HamsterWars.Client", "HamsterWars\Client\HamsterWars.Client.csproj", "{BD965CE5-63AF-46B5-9B5B-39DE4E4AE105}"
EndProject
Project("{9A19103F-16F7-4668-BE54-9A1E7A4F7556}") = "HamsterWars.Shared", "HamsterWars\Shared\HamsterWars.Shared.csproj", "{85C4FA41-1A61-45DE-855D-92BBDBF352A6}"
EndProject
Project("{9A19103F-16F7-4668-BE54-9A1E7A4F7556}") = "DataAccess", "DataAccess\DataAccess.csproj", "{894D6734-88B5-4B75-800D-01F3B1D25FCE}"
EndProject
Project("{FAE04EC0-301F-11D3-BF4B-00C04F79EFBC}") = "HamsterWars.Test", "HamsterWars.Test\HamsterWars.Test.csproj", "{B110E5AD-ABAF-4A66-B307-76034553DBB8}"
EndProject
Global
	GlobalSection(SolutionConfigurationPlatforms) = preSolution
		Debug|Any CPU = Debug|Any CPU
		Release|Any CPU = Release|Any CPU
	EndGlobalSection
	GlobalSection(ProjectConfigurationPlatforms) = postSolution
		{1EA69A28-AE32-4643-9AE6-320AAAEFEB3B}.Debug|Any CPU.ActiveCfg = Debug|Any CPU
		{1EA69A28-AE32-4643-9AE6-320AAAEFEB3B}.Debug|Any CPU.Build.0 = Debug|Any CPU
		{1EA69A28-AE32-4643-9AE6-320AAAEFEB3B}.Release|Any CPU.ActiveCfg = Release|Any CPU
		{1EA69A28-AE32-4643-9AE6-320AAAEFEB3B}.Release|Any CPU.Build.0 = Release|Any CPU
		{BD965CE5-63AF-46B5-9B5B-39DE4E4AE105}.Debug|Any CPU.ActiveCfg = Debug|Any CPU
		{BD965CE5-63AF-46B5-9B5B-39DE4E4AE105}.Debug|Any CPU.Build.0 = Debug|Any CPU
		{BD965CE5-63AF-46B5-9B5B-39DE4E4AE105}.Release|Any CPU.ActiveCfg = Release|Any CPU
		{BD965CE5-63AF-46B5-9B5B-39DE4E4AE105}.Release|Any CPU.Build.0 = Release|Any CPU
		{85C4FA41-1A61-45DE-855D-92BBDBF352A6}.Debug|Any CPU.ActiveCfg = Debug|Any CPU
		{85C4FA41-1A61-45DE-855D-92BBDBF352A6}.Debug|Any CPU.Build.0 = Debug|Any CPU
		{85C4FA41-1A61-45DE-855D-92BBDBF352A6}.Release|Any CPU.ActiveCfg = Release|Any CPU
		{85C4FA41-1A61-45DE-855D-92BBDBF352A6}.Release|Any CPU.Build.0 = Release|Any CPU
		{894D6734-88B5-4B75-800D-01F3B1D25FCE}.Debug|Any CPU.ActiveCfg = Debug|Any CPU
		{894D6734-88B5-4B75-800D-01F3B1D25FCE}.Debug|Any CPU.Build.0 = Debug|Any CPU
		{894D6734-88B5-4B75-800D-01F3B1D25FCE}.Release|Any CPU.ActiveCfg = Release|Any CPU
		{894D6734-88B5-4B75-800D-01F3B1D25FCE}.Release|Any CPU.Build.0 = Release|Any CPU
		{B110E5AD-ABAF-4A66-B307-76034553DBB8}.Debug|Any CPU.ActiveCfg = Debug|Any CPU
		{B110E5AD-ABAF-4A66-B307-76034553DBB8}.Debug|Any CPU.Build.0 = Debug|Any CPU
		{B110E5AD-ABAF-4A66-B307-76034553DBB8}.Release|Any CPU.ActiveCfg = Release|Any CPU
		{B110E5AD-ABAF-4A66-B307-76034553DBB8}.Release|Any CPU.Build.0 = Release|Any CPU
	EndGlobalSection
	GlobalSection(SolutionProperties) = preSolution
		HideSolutionNode = FALSE
	EndGlobalSection
	GlobalSection(ExtensibilityGlobals) = postSolution
		SolutionGuid = {18E97151-9AFA-4653-90D8-7B4229A5BD66}
	EndGlobalSection
EndGlobal
